
Microsoft Visual Studio Solution File, Format Version 12.00
# Visual Studio Version 17
VisualStudioVersion = 17.14.36408.4 d17.14
MinimumVisualStudioVersion = 10.0.40219.1
Project("{FAE04EC0-301F-11D3-BF4B-00C04F79EFBC}") = "AnalisisGranulometrico", "AnalisisGranulometrico\AnalisisGranulometrico.csproj", "{F99B9525-C527-4067-9566-1FBEA24879F9}"
EndProject
Global
	GlobalSection(SolutionConfigurationPlatforms) = preSolution
		Debug|Any CPU = Debug|Any CPU
		Release|Any CPU = Release|Any CPU
	EndGlobalSection
	GlobalSection(ProjectConfigurationPlatforms) = postSolution
		{F99B9525-C527-4067-9566-1FBEA24879F9}.Debug|Any CPU.ActiveCfg = Debug|Any CPU
		{F99B9525-C527-4067-9566-1FBEA24879F9}.Debug|Any CPU.Build.0 = Debug|Any CPU
		{F99B9525-C527-4067-9566-1FBEA24879F9}.Release|Any CPU.ActiveCfg = Release|Any CPU
		{F99B9525-C527-4067-9566-1FBEA24879F9}.Release|Any CPU.Build.0 = Release|Any CPU
	EndGlobalSection
	GlobalSection(SolutionProperties) = preSolution
		HideSolutionNode = FALSE
	EndGlobalSection
	GlobalSection(ExtensibilityGlobals) = postSolution
		SolutionGuid = {43972231-1918-47C2-B092-6D1B97447231}
	EndGlobalSection
EndGlobal
